
Microsoft Visual Studio Solution File, Format Version 12.00
# Visual Studio Version 17
VisualStudioVersion = 17.14.36811.4 d17.14
MinimumVisualStudioVersion = 10.0.40219.1
Project("{FAE04EC0-301F-11D3-BF4B-00C04F79EFBC}") = "HMS", "HMS.csproj", "{064A64C1-6F8C-4350-8599-3488A6A2AD45}"
EndProject
Global
	GlobalSection(SolutionConfigurationPlatforms) = preSolution
		Debug|Any CPU = Debug|Any CPU
		Release|Any CPU = Release|Any CPU
	EndGlobalSection
	GlobalSection(ProjectConfigurationPlatforms) = postSolution
		{064A64C1-6F8C-4350-8599-3488A6A2AD45}.Debug|Any CPU.ActiveCfg = Debug|Any CPU
		{064A64C1-6F8C-4350-8599-3488A6A2AD45}.Debug|Any CPU.Build.0 = Debug|Any CPU
		{064A64C1-6F8C-4350-8599-3488A6A2AD45}.Release|Any CPU.ActiveCfg = Release|Any CPU
		{064A64C1-6F8C-4350-8599-3488A6A2AD45}.Release|Any CPU.Build.0 = Release|Any CPU
	EndGlobalSection
	GlobalSection(SolutionProperties) = preSolution
		HideSolutionNode = FALSE
	EndGlobalSection
	GlobalSection(ExtensibilityGlobals) = postSolution
		SolutionGuid = {F3D750F6-6CC6-4026-81E8-07270F15DE00}
	EndGlobalSection
EndGlobal
